// !$*UTF8*$!
{
	archiveVersion = 1;
	classes = {
	};
	objectVersion = 46;
	objects = {

/* Begin PBXBuildFile section */
		650F2CED1256F88B00805503 /* CocoaDialogs.m in Sources */ = {isa = PBXBuildFile; fileRef = 650F2CEC1256F88B00805503 /* CocoaDialogs.m */; };
		651D36BA12028309000FAA99 /* CreateLibrary.sh in Resources */ = {isa = PBXBuildFile; fileRef = 651D35F312028309000FAA99 /* CreateLibrary.sh */; };
		651D36BB12028309000FAA99 /* CreateLibraryContents.sh in Resources */ = {isa = PBXBuildFile; fileRef = 651D35F412028309000FAA99 /* CreateLibraryContents.sh */; };
		651D36BC12028309000FAA99 /* default_font in Resources */ = {isa = PBXBuildFile; fileRef = 651D35F512028309000FAA99 /* default_font */; };
		651D36BD12028309000FAA99 /* examples in Resources */ = {isa = PBXBuildFile; fileRef = 651D35F612028309000FAA99 /* examples */; };
		651D36BE12028309000FAA99 /* gpcb-menu.res in Resources */ = {isa = PBXBuildFile; fileRef = 651D360012028309000FAA99 /* gpcb-menu.res */; };
		651D36BF12028309000FAA99 /* ListLibraryContents.sh in Resources */ = {isa = PBXBuildFile; fileRef = 651D360112028309000FAA99 /* ListLibraryContents.sh */; };
		651D36C012028309000FAA99 /* m4 in Resources */ = {isa = PBXBuildFile; fileRef = 651D360212028309000FAA99 /* m4 */; };
		651D36C112028309000FAA99 /* newlib in Resources */ = {isa = PBXBuildFile; fileRef = 651D365012028309000FAA99 /* newlib */; };
		651D36C212028309000FAA99 /* Pcb in Resources */ = {isa = PBXBuildFile; fileRef = 651D36A312028309000FAA99 /* Pcb */; };
		651D36C312028309000FAA99 /* pcb-menu.res in Resources */ = {isa = PBXBuildFile; fileRef = 651D36A412028309000FAA99 /* pcb-menu.res */; };
		651D36C412028309000FAA99 /* pcb.pdf in Resources */ = {isa = PBXBuildFile; fileRef = 651D36A512028309000FAA99 /* pcb.pdf */; };
		651D36C512028309000FAA99 /* pcb.ps in Resources */ = {isa = PBXBuildFile; fileRef = 651D36A612028309000FAA99 /* pcb.ps */; };
		651D36C612028309000FAA99 /* pcblib in Resources */ = {isa = PBXBuildFile; fileRef = 651D36A712028309000FAA99 /* pcblib */; };
		651D36C712028309000FAA99 /* pcblib.contents in Resources */ = {isa = PBXBuildFile; fileRef = 651D36A812028309000FAA99 /* pcblib.contents */; };
		651D36C812028309000FAA99 /* qfp-ui in Resources */ = {isa = PBXBuildFile; fileRef = 651D36A912028309000FAA99 /* qfp-ui */; };
		651D36C912028309000FAA99 /* qfp.dat in Resources */ = {isa = PBXBuildFile; fileRef = 651D36AA12028309000FAA99 /* qfp.dat */; };
		651D36CA12028309000FAA99 /* QueryLibrary.sh in Resources */ = {isa = PBXBuildFile; fileRef = 651D36AB12028309000FAA99 /* QueryLibrary.sh */; };
		651D36CB12028309000FAA99 /* refcard.pdf in Resources */ = {isa = PBXBuildFile; fileRef = 651D36AC12028309000FAA99 /* refcard.pdf */; };
		651D36CC12028309000FAA99 /* refcard.ps in Resources */ = {isa = PBXBuildFile; fileRef = 651D36AD12028309000FAA99 /* refcard.ps */; };
		651D36CD12028309000FAA99 /* tools in Resources */ = {isa = PBXBuildFile; fileRef = 651D36AE12028309000FAA99 /* tools */; };
		651D36CE12028309000FAA99 /* tutorial in Resources */ = {isa = PBXBuildFile; fileRef = 651D36B712028309000FAA99 /* tutorial */; };
		651D37231202B01D000FAA99 /* CocoaMenu.m in Sources */ = {isa = PBXBuildFile; fileRef = 651D37221202B01D000FAA99 /* CocoaMenu.m */; };
		651D372E1202B14C000FAA99 /* CocoaStyles.m in Sources */ = {isa = PBXBuildFile; fileRef = 651D372D1202B14C000FAA99 /* CocoaStyles.m */; };
		651D37A71203D49D000FAA99 /* Icon.icns in Resources */ = {isa = PBXBuildFile; fileRef = 651D37A61203D49D000FAA99 /* Icon.icns */; };
		651D37E6120523AF000FAA99 /* MainPCBView.m in Sources */ = {isa = PBXBuildFile; fileRef = 651D37E5120523AF000FAA99 /* MainPCBView.m */; };
		652284421202458F009C97C5 /* CocoaLibrary.m in Sources */ = {isa = PBXBuildFile; fileRef = 652284411202458F009C97C5 /* CocoaLibrary.m */; };
		654CE9961202EC5F0073C4A6 /* LibraryWindow.xib in Resources */ = {isa = PBXBuildFile; fileRef = 654CE9951202EC5F0073C4A6 /* LibraryWindow.xib */; };
		654CE9B21202EECD0073C4A6 /* CocoaPCBView.m in Sources */ = {isa = PBXBuildFile; fileRef = 654CE9B11202EECD0073C4A6 /* CocoaPCBView.m */; };
		654CE9BB1202F0B10073C4A6 /* LibraryPreviewView.m in Sources */ = {isa = PBXBuildFile; fileRef = 654CE9BA1202F0B10073C4A6 /* LibraryPreviewView.m */; };
		6575A6D111FCFCF0006D983A /* Cocoa.framework in Frameworks */ = {isa = PBXBuildFile; fileRef = 6575A6D011FCFCF0006D983A /* Cocoa.framework */; };
		6575A6D611FCFCF0006D983A /* InfoPlist.strings in Resources */ = {isa = PBXBuildFile; fileRef = 6575A6D411FCFCF0006D983A /* InfoPlist.strings */; };
		6575A6DB11FCFCF0006D983A /* MainMenu.xib in Resources */ = {isa = PBXBuildFile; fileRef = 6575A6D911FCFCF0006D983A /* MainMenu.xib */; };
		6575A6DE11FCFCF0006D983A /* Credits.rtf in Resources */ = {isa = PBXBuildFile; fileRef = 6575A6DC11FCFCF0006D983A /* Credits.rtf */; };
		6575A6E111FCFCF0006D983A /* PCBAppDelegate.m in Sources */ = {isa = PBXBuildFile; fileRef = 6575A6E011FCFCF0006D983A /* PCBAppDelegate.m */; };
		6575A76B11FD0F00006D983A /* action.c in Sources */ = {isa = PBXBuildFile; fileRef = 6575A6EB11FD0EFF006D983A /* action.c */; };
		6575A76C11FD0F00006D983A /* autoplace.c in Sources */ = {isa = PBXBuildFile; fileRef = 6575A6ED11FD0EFF006D983A /* autoplace.c */; };
		6575A76D11FD0F00006D983A /* autoroute.c in Sources */ = {isa = PBXBuildFile; fileRef = 6575A6EF11FD0EFF006D983A /* autoroute.c */; };
		6575A76E11FD0F00006D983A /* buffer.c in Sources */ = {isa = PBXBuildFile; fileRef = 6575A6F211FD0EFF006D983A /* buffer.c */; };
		6575A76F11FD0F00006D983A /* change.c in Sources */ = {isa = PBXBuildFile; fileRef = 6575A6F411FD0EFF006D983A /* change.c */; };
		6575A77011FD0F00006D983A /* check_icon.data in Resources */ = {isa = PBXBuildFile; fileRef = 6575A6F611FD0EFF006D983A /* check_icon.data */; };
		6575A77111FD0F00006D983A /* clip.c in Sources */ = {isa = PBXBuildFile; fileRef = 6575A6F711FD0EFF006D983A /* clip.c */; };
		6575A77211FD0F00006D983A /* command.c in Sources */ = {isa = PBXBuildFile; fileRef = 6575A6F911FD0EFF006D983A /* command.c */; };
		6575A77311FD0F00006D983A /* compat.c in Sources */ = {isa = PBXBuildFile; fileRef = 6575A6FB11FD0EFF006D983A /* compat.c */; };
		6575A77411FD0F00006D983A /* copy.c in Sources */ = {isa = PBXBuildFile; fileRef = 6575A6FE11FD0EFF006D983A /* copy.c */; };
		6575A77511FD0F00006D983A /* create.c in Sources */ = {isa = PBXBuildFile; fileRef = 6575A70111FD0EFF006D983A /* create.c */; };
		6575A77611FD0F00006D983A /* crosshair.c in Sources */ = {isa = PBXBuildFile; fileRef = 6575A70311FD0EFF006D983A /* crosshair.c */; };
		6575A77711FD0F00006D983A /* data.c in Sources */ = {isa = PBXBuildFile; fileRef = 6575A70511FD0EFF006D983A /* data.c */; };
		6575A77B11FD0F00006D983A /* default_font in Resources */ = {isa = PBXBuildFile; fileRef = 6575A70C11FD0EFF006D983A /* default_font */; };
		6575A77C11FD0F00006D983A /* djopt.c in Sources */ = {isa = PBXBuildFile; fileRef = 6575A70D11FD0EFF006D983A /* djopt.c */; };
		6575A77D11FD0F00006D983A /* draw.c in Sources */ = {isa = PBXBuildFile; fileRef = 6575A71011FD0EFF006D983A /* draw.c */; };
		6575A77E11FD0F00006D983A /* drill.c in Sources */ = {isa = PBXBuildFile; fileRef = 6575A71211FD0EFF006D983A /* drill.c */; };
		6575A77F11FD0F00006D983A /* edif.c in Sources */ = {isa = PBXBuildFile; fileRef = 6575A71511FD0EFF006D983A /* edif.c */; };
		6575A78111FD0F00006D983A /* error.c in Sources */ = {isa = PBXBuildFile; fileRef = 6575A71811FD0EFF006D983A /* error.c */; };
		6575A78211FD0F00006D983A /* file.c in Sources */ = {isa = PBXBuildFile; fileRef = 6575A71A11FD0EFF006D983A /* file.c */; };
		6575A78311FD0F00006D983A /* find.c in Sources */ = {isa = PBXBuildFile; fileRef = 6575A71C11FD0EFF006D983A /* find.c */; };
		6575A78411FD0F00006D983A /* flags.c in Sources */ = {isa = PBXBuildFile; fileRef = 6575A71E11FD0EFF006D983A /* flags.c */; };
		6575A78511FD0F00006D983A /* fontmode.c in Sources */ = {isa = PBXBuildFile; fileRef = 6575A71F11FD0EFF006D983A /* fontmode.c */; };
		6575A78611FD0F00006D983A /* gpcb-menu.res in Resources */ = {isa = PBXBuildFile; fileRef = 6575A72111FD0EFF006D983A /* gpcb-menu.res */; };
		6575A78711FD0F00006D983A /* heap.c in Sources */ = {isa = PBXBuildFile; fileRef = 6575A72211FD0EFF006D983A /* heap.c */; };
		6575A78811FD0F00006D983A /* insert.c in Sources */ = {isa = PBXBuildFile; fileRef = 6575A72511FD0EFF006D983A /* insert.c */; };
		6575A78911FD0F00006D983A /* intersect.c in Sources */ = {isa = PBXBuildFile; fileRef = 6575A72711FD0EFF006D983A /* intersect.c */; };
		6575A78A11FD0F00006D983A /* line.c in Sources */ = {isa = PBXBuildFile; fileRef = 6575A72911FD0EFF006D983A /* line.c */; };
		6575A78B11FD0F00006D983A /* lrealpath.c in Sources */ = {isa = PBXBuildFile; fileRef = 6575A72B11FD0EFF006D983A /* lrealpath.c */; };
		6575A78C11FD0F00006D983A /* main.c in Sources */ = {isa = PBXBuildFile; fileRef = 6575A72E11FD0EFF006D983A /* main.c */; };
		6575A78D11FD0F00006D983A /* mirror.c in Sources */ = {isa = PBXBuildFile; fileRef = 6575A72F11FD0EFF006D983A /* mirror.c */; };
		6575A78E11FD0F00006D983A /* misc.c in Sources */ = {isa = PBXBuildFile; fileRef = 6575A73111FD0EFF006D983A /* misc.c */; };
		6575A78F11FD0F00006D983A /* move.c in Sources */ = {isa = PBXBuildFile; fileRef = 6575A73311FD0EFF006D983A /* move.c */; };
		6575A79011FD0F00006D983A /* mtspace.c in Sources */ = {isa = PBXBuildFile; fileRef = 6575A73511FD0EFF006D983A /* mtspace.c */; };
		6575A79111FD0F00006D983A /* mymem.c in Sources */ = {isa = PBXBuildFile; fileRef = 6575A73711FD0F00006D983A /* mymem.c */; };
		6575A79211FD0F00006D983A /* netlist.c in Sources */ = {isa = PBXBuildFile; fileRef = 6575A73911FD0F00006D983A /* netlist.c */; };
		6575A79311FD0F00006D983A /* parse_l.c in Sources */ = {isa = PBXBuildFile; fileRef = 6575A73A11FD0F00006D983A /* parse_l.c */; };
		6575A79511FD0F00006D983A /* parse_y.c in Sources */ = {isa = PBXBuildFile; fileRef = 6575A73D11FD0F00006D983A /* parse_y.c */; };
		6575A79711FD0F00006D983A /* polygon.c in Sources */ = {isa = PBXBuildFile; fileRef = 6575A74111FD0F00006D983A /* polygon.c */; };
		6575A79811FD0F00006D983A /* polygon1.c in Sources */ = {isa = PBXBuildFile; fileRef = 6575A74311FD0F00006D983A /* polygon1.c */; };
		6575A79911FD0F00006D983A /* print.c in Sources */ = {isa = PBXBuildFile; fileRef = 6575A74411FD0F00006D983A /* print.c */; };
		6575A79A11FD0F00006D983A /* puller.c in Sources */ = {isa = PBXBuildFile; fileRef = 6575A74611FD0F00006D983A /* puller.c */; };
		6575A79B11FD0F00006D983A /* rats.c in Sources */ = {isa = PBXBuildFile; fileRef = 6575A74711FD0F00006D983A /* rats.c */; };
		6575A79C11FD0F00006D983A /* remove.c in Sources */ = {isa = PBXBuildFile; fileRef = 6575A74911FD0F00006D983A /* remove.c */; };
		6575A79D11FD0F00006D983A /* report.c in Sources */ = {isa = PBXBuildFile; fileRef = 6575A74B11FD0F00006D983A /* report.c */; };
		6575A79E11FD0F00006D983A /* res_lex.c in Sources */ = {isa = PBXBuildFile; fileRef = 6575A74D11FD0F00006D983A /* res_lex.c */; };
		6575A7A011FD0F00006D983A /* res_parse.c in Sources */ = {isa = PBXBuildFile; fileRef = 6575A74F11FD0F00006D983A /* res_parse.c */; };
		6575A7A211FD0F00006D983A /* rotate.c in Sources */ = {isa = PBXBuildFile; fileRef = 6575A75311FD0F00006D983A /* rotate.c */; };
		6575A7A311FD0F00006D983A /* rtree.c in Sources */ = {isa = PBXBuildFile; fileRef = 6575A75511FD0F00006D983A /* rtree.c */; };
		6575A7A411FD0F00006D983A /* rubberband.c in Sources */ = {isa = PBXBuildFile; fileRef = 6575A75711FD0F00006D983A /* rubberband.c */; };
		6575A7A511FD0F00006D983A /* search.c in Sources */ = {isa = PBXBuildFile; fileRef = 6575A75911FD0F00006D983A /* search.c */; };
		6575A7A611FD0F00006D983A /* select.c in Sources */ = {isa = PBXBuildFile; fileRef = 6575A75B11FD0F00006D983A /* select.c */; };
		6575A7A711FD0F00006D983A /* set.c in Sources */ = {isa = PBXBuildFile; fileRef = 6575A75D11FD0F00006D983A /* set.c */; };
		6575A7A811FD0F00006D983A /* strflags.c in Sources */ = {isa = PBXBuildFile; fileRef = 6575A75F11FD0F00006D983A /* strflags.c */; };
		6575A7A911FD0F00006D983A /* thermal.c in Sources */ = {isa = PBXBuildFile; fileRef = 6575A76111FD0F00006D983A /* thermal.c */; };
		6575A7AB11FD0F00006D983A /* undo.c in Sources */ = {isa = PBXBuildFile; fileRef = 6575A76511FD0F00006D983A /* undo.c */; };
		6575A7AC11FD0F00006D983A /* vector.c in Sources */ = {isa = PBXBuildFile; fileRef = 6575A76711FD0F00006D983A /* vector.c */; };
		6575A7AD11FD0F00006D983A /* vendor.c in Sources */ = {isa = PBXBuildFile; fileRef = 6575A76911FD0F00006D983A /* vendor.c */; };
		65BCDFE51286479E00AE3B0B /* CocoaNetList.m in Sources */ = {isa = PBXBuildFile; fileRef = 65BCDFE41286479E00AE3B0B /* CocoaNetList.m */; };
		65D3AD7612014F46001AAC1A /* CocoaHID.m in Sources */ = {isa = PBXBuildFile; fileRef = 65D3AD7512014F46001AAC1A /* CocoaHID.m */; };
		65D3AD8D1201627C001AAC1A /* actions.c in Sources */ = {isa = PBXBuildFile; fileRef = 65D3AD841201627C001AAC1A /* actions.c */; };
		65D3AD8E1201627C001AAC1A /* draw_helpers.c in Sources */ = {isa = PBXBuildFile; fileRef = 65D3AD851201627C001AAC1A /* draw_helpers.c */; };
		65D3AD8F1201627C001AAC1A /* extents.c in Sources */ = {isa = PBXBuildFile; fileRef = 65D3AD871201627C001AAC1A /* extents.c */; };
		65D3AD901201627C001AAC1A /* flags.c in Sources */ = {isa = PBXBuildFile; fileRef = 65D3AD881201627C001AAC1A /* flags.c */; };
		65D3AD911201627C001AAC1A /* hid_resource.c in Sources */ = {isa = PBXBuildFile; fileRef = 65D3AD891201627C001AAC1A /* hid_resource.c */; };
		65D3AD921201627C001AAC1A /* hidinit.c in Sources */ = {isa = PBXBuildFile; fileRef = 65D3AD8B1201627C001AAC1A /* hidinit.c */; };
		65D3AD931201627C001AAC1A /* hidnogui.c in Sources */ = {isa = PBXBuildFile; fileRef = 65D3AD8C1201627C001AAC1A /* hidnogui.c */; };
		65D3AD9E120165B8001AAC1A /* bom.c in Sources */ = {isa = PBXBuildFile; fileRef = 65D3AD99120165B8001AAC1A /* bom.c */; };
		65D3AD9F120165B8001AAC1A /* hid.conf in Resources */ = {isa = PBXBuildFile; fileRef = 65D3AD9A120165B8001AAC1A /* hid.conf */; };
		65D3ADA0120165B8001AAC1A /* gerber.c in Sources */ = {isa = PBXBuildFile; fileRef = 65D3AD9C120165B8001AAC1A /* gerber.c */; };
		65D3ADA1120165B8001AAC1A /* hid.conf in Resources */ = {isa = PBXBuildFile; fileRef = 65D3AD9D120165B8001AAC1A /* hid.conf */; };
/* End PBXBuildFile section */

/* Begin PBXFileReference section */
		650F2C591256A22A00805503 /* res_lex.l */ = {isa = PBXFileReference; fileEncoding = 4; lastKnownFileType = sourcecode.lex; path = res_lex.l; sourceTree = "<group>"; };
		650F2CEB1256F88B00805503 /* CocoaDialogs.h */ = {isa = PBXFileReference; fileEncoding = 4; lastKnownFileType = sourcecode.c.h; name = CocoaDialogs.h; path = Classes/CocoaDialogs.h; sourceTree = "<group>"; };
		650F2CEC1256F88B00805503 /* CocoaDialogs.m */ = {isa = PBXFileReference; fileEncoding = 4; lastKnownFileType = sourcecode.c.objc; name = CocoaDialogs.m; path = Classes/CocoaDialogs.m; sourceTree = "<group>"; };
		651D35F312028309000FAA99 /* CreateLibrary.sh */ = {isa = PBXFileReference; fileEncoding = 4; lastKnownFileType = text.script.sh; name = CreateLibrary.sh; path = lib/CreateLibrary.sh; sourceTree = "<group>"; };
		651D35F412028309000FAA99 /* CreateLibraryContents.sh */ = {isa = PBXFileReference; fileEncoding = 4; lastKnownFileType = text.script.sh; name = CreateLibraryContents.sh; path = lib/CreateLibraryContents.sh; sourceTree = "<group>"; };
		651D35F512028309000FAA99 /* default_font */ = {isa = PBXFileReference; fileEncoding = 4; lastKnownFileType = text; name = default_font; path = lib/default_font; sourceTree = "<group>"; };
		651D35F612028309000FAA99 /* examples */ = {isa = PBXFileReference; lastKnownFileType = folder; name = examples; path = lib/examples; sourceTree = "<group>"; };
		651D360012028309000FAA99 /* gpcb-menu.res */ = {isa = PBXFileReference; fileEncoding = 4; lastKnownFileType = text; name = "gpcb-menu.res"; path = "lib/gpcb-menu.res"; sourceTree = "<group>"; };
		651D360112028309000FAA99 /* ListLibraryContents.sh */ = {isa = PBXFileReference; fileEncoding = 4; lastKnownFileType = text.script.sh; name = ListLibraryContents.sh; path = lib/ListLibraryContents.sh; sourceTree = "<group>"; };
		651D360212028309000FAA99 /* m4 */ = {isa = PBXFileReference; lastKnownFileType = folder; name = m4; path = lib/m4; sourceTree = "<group>"; };
		651D365012028309000FAA99 /* newlib */ = {isa = PBXFileReference; lastKnownFileType = folder; name = newlib; path = lib/newlib; sourceTree = "<group>"; };
		651D36A312028309000FAA99 /* Pcb */ = {isa = PBXFileReference; fileEncoding = 4; lastKnownFileType = text; name = Pcb; path = lib/Pcb; sourceTree = "<group>"; };
		651D36A412028309000FAA99 /* pcb-menu.res */ = {isa = PBXFileReference; fileEncoding = 4; lastKnownFileType = text; name = "pcb-menu.res"; path = "lib/pcb-menu.res"; sourceTree = "<group>"; };
		651D36A512028309000FAA99 /* pcb.pdf */ = {isa = PBXFileReference; lastKnownFileType = image.pdf; name = pcb.pdf; path = lib/pcb.pdf; sourceTree = "<group>"; };
		651D36A612028309000FAA99 /* pcb.ps */ = {isa = PBXFileReference; fileEncoding = 4; lastKnownFileType = text; name = pcb.ps; path = lib/pcb.ps; sourceTree = "<group>"; };
		651D36A712028309000FAA99 /* pcblib */ = {isa = PBXFileReference; fileEncoding = 4; lastKnownFileType = text; name = pcblib; path = lib/pcblib; sourceTree = "<group>"; };
		651D36A812028309000FAA99 /* pcblib.contents */ = {isa = PBXFileReference; fileEncoding = 4; lastKnownFileType = text; name = pcblib.contents; path = lib/pcblib.contents; sourceTree = "<group>"; };
		651D36A912028309000FAA99 /* qfp-ui */ = {isa = PBXFileReference; fileEncoding = 4; lastKnownFileType = text; name = "qfp-ui"; path = "lib/qfp-ui"; sourceTree = "<group>"; };
		651D36AA12028309000FAA99 /* qfp.dat */ = {isa = PBXFileReference; fileEncoding = 4; lastKnownFileType = text; name = qfp.dat; path = lib/qfp.dat; sourceTree = "<group>"; };
		651D36AB12028309000FAA99 /* QueryLibrary.sh */ = {isa = PBXFileReference; fileEncoding = 4; lastKnownFileType = text.script.sh; name = QueryLibrary.sh; path = lib/QueryLibrary.sh; sourceTree = "<group>"; };
		651D36AC12028309000FAA99 /* refcard.pdf */ = {isa = PBXFileReference; lastKnownFileType = image.pdf; name = refcard.pdf; path = lib/refcard.pdf; sourceTree = "<group>"; };
		651D36AD12028309000FAA99 /* refcard.ps */ = {isa = PBXFileReference; fileEncoding = 4; lastKnownFileType = text; name = refcard.ps; path = lib/refcard.ps; sourceTree = "<group>"; };
		651D36AE12028309000FAA99 /* tools */ = {isa = PBXFileReference; lastKnownFileType = folder; name = tools; path = lib/tools; sourceTree = "<group>"; };
		651D36B712028309000FAA99 /* tutorial */ = {isa = PBXFileReference; lastKnownFileType = folder; name = tutorial; path = lib/tutorial; sourceTree = "<group>"; };
		651D37211202B01D000FAA99 /* CocoaMenu.h */ = {isa = PBXFileReference; fileEncoding = 4; lastKnownFileType = sourcecode.c.h; name = CocoaMenu.h; path = Classes/CocoaMenu.h; sourceTree = "<group>"; };
		651D37221202B01D000FAA99 /* CocoaMenu.m */ = {isa = PBXFileReference; fileEncoding = 4; lastKnownFileType = sourcecode.c.objc; name = CocoaMenu.m; path = Classes/CocoaMenu.m; sourceTree = "<group>"; };
		651D372C1202B14C000FAA99 /* CocoaStyles.h */ = {isa = PBXFileReference; fileEncoding = 4; lastKnownFileType = sourcecode.c.h; name = CocoaStyles.h; path = Classes/CocoaStyles.h; sourceTree = "<group>"; };
		651D372D1202B14C000FAA99 /* CocoaStyles.m */ = {isa = PBXFileReference; fileEncoding = 4; lastKnownFileType = sourcecode.c.objc; name = CocoaStyles.m; path = Classes/CocoaStyles.m; sourceTree = "<group>"; };
		651D37A61203D49D000FAA99 /* Icon.icns */ = {isa = PBXFileReference; lastKnownFileType = image.icns; name = Icon.icns; path = Images/Icon.icns; sourceTree = "<group>"; };
		651D37E4120523AF000FAA99 /* MainPCBView.h */ = {isa = PBXFileReference; fileEncoding = 4; lastKnownFileType = sourcecode.c.h; name = MainPCBView.h; path = Classes/MainPCBView.h; sourceTree = "<group>"; };
		651D37E5120523AF000FAA99 /* MainPCBView.m */ = {isa = PBXFileReference; fileEncoding = 4; lastKnownFileType = sourcecode.c.objc; name = MainPCBView.m; path = Classes/MainPCBView.m; sourceTree = "<group>"; };
		6522843C1201A25E009C97C5 /* hidlist.h */ = {isa = PBXFileReference; fileEncoding = 4; lastKnownFileType = sourcecode.c.h; name = hidlist.h; path = pcb_extras/hid/common/hidlist.h; sourceTree = "<group>"; };
		652284401202458F009C97C5 /* CocoaLibrary.h */ = {isa = PBXFileReference; fileEncoding = 4; lastKnownFileType = sourcecode.c.h; name = CocoaLibrary.h; path = Classes/CocoaLibrary.h; sourceTree = "<group>"; };
		652284411202458F009C97C5 /* CocoaLibrary.m */ = {isa = PBXFileReference; fileEncoding = 4; lastKnownFileType = sourcecode.c.objc; name = CocoaLibrary.m; path = Classes/CocoaLibrary.m; sourceTree = "<group>"; };
		6522844B12024BC9009C97C5 /* hidint.h */ = {isa = PBXFileReference; fileEncoding = 4; lastKnownFileType = sourcecode.c.h; name = hidint.h; path = hid/hidint.h; sourceTree = "<group>"; };
		654CE9921202EC370073C4A6 /* English */ = {isa = PBXFileReference; lastKnownFileType = file.xib; name = English; path = English.lproj/LibraryWindow.xib; sourceTree = "<group>"; };
		654CE9B01202EECD0073C4A6 /* CocoaPCBView.h */ = {isa = PBXFileReference; fileEncoding = 4; lastKnownFileType = sourcecode.c.h; name = CocoaPCBView.h; path = Classes/CocoaPCBView.h; sourceTree = "<group>"; };
		654CE9B11202EECD0073C4A6 /* CocoaPCBView.m */ = {isa = PBXFileReference; fileEncoding = 4; lastKnownFileType = sourcecode.c.objc; name = CocoaPCBView.m; path = Classes/CocoaPCBView.m; sourceTree = "<group>"; };
		654CE9B91202F0B10073C4A6 /* LibraryPreviewView.h */ = {isa = PBXFileReference; fileEncoding = 4; lastKnownFileType = sourcecode.c.h; name = LibraryPreviewView.h; path = Classes/LibraryPreviewView.h; sourceTree = "<group>"; };
		654CE9BA1202F0B10073C4A6 /* LibraryPreviewView.m */ = {isa = PBXFileReference; fileEncoding = 4; lastKnownFileType = sourcecode.c.objc; name = LibraryPreviewView.m; path = Classes/LibraryPreviewView.m; sourceTree = "<group>"; };
		654CEABE120308C00073C4A6 /* parse_l.l */ = {isa = PBXFileReference; fileEncoding = 4; lastKnownFileType = sourcecode.lex; path = parse_l.l; sourceTree = "<group>"; };
		654CEABF120308C00073C4A6 /* parse_y.y */ = {isa = PBXFileReference; fileEncoding = 4; lastKnownFileType = sourcecode.yacc; path = parse_y.y; sourceTree = "<group>"; };
		6570870C12156A4D00D925AB /* res_parse.y */ = {isa = PBXFileReference; fileEncoding = 4; lastKnownFileType = sourcecode.yacc; path = res_parse.y; sourceTree = "<group>"; };
		6575A6CD11FCFCF0006D983A /* PCB.app */ = {isa = PBXFileReference; explicitFileType = wrapper.application; includeInIndex = 0; path = PCB.app; sourceTree = BUILT_PRODUCTS_DIR; };
		6575A6D011FCFCF0006D983A /* Cocoa.framework */ = {isa = PBXFileReference; lastKnownFileType = wrapper.framework; name = Cocoa.framework; path = System/Library/Frameworks/Cocoa.framework; sourceTree = SDKROOT; };
		6575A6D211FCFCF0006D983A /* PCB-Info.plist */ = {isa = PBXFileReference; lastKnownFileType = text.plist.xml; path = "PCB-Info.plist"; sourceTree = "<group>"; };
		6575A6D311FCFCF0006D983A /* PCB_Prefix.pch */ = {isa = PBXFileReference; lastKnownFileType = sourcecode.c.h; path = PCB_Prefix.pch; sourceTree = "<group>"; };
		6575A6D511FCFCF0006D983A /* en */ = {isa = PBXFileReference; lastKnownFileType = text.plist.strings; name = en; path = en.lproj/InfoPlist.strings; sourceTree = "<group>"; };
		6575A6DA11FCFCF0006D983A /* en */ = {isa = PBXFileReference; lastKnownFileType = file.xib; name = en; path = en.lproj/MainMenu.xib; sourceTree = "<group>"; };
		6575A6DD11FCFCF0006D983A /* en */ = {isa = PBXFileReference; lastKnownFileType = text.rtf; name = en; path = en.lproj/Credits.rtf; sourceTree = "<group>"; };
		6575A6DF11FCFCF0006D983A /* PCBAppDelegate.h */ = {isa = PBXFileReference; lastKnownFileType = sourcecode.c.h; path = PCBAppDelegate.h; sourceTree = "<group>"; };
		6575A6E011FCFCF0006D983A /* PCBAppDelegate.m */ = {isa = PBXFileReference; lastKnownFileType = sourcecode.c.objc; path = PCBAppDelegate.m; sourceTree = "<group>"; };
		6575A6EB11FD0EFF006D983A /* action.c */ = {isa = PBXFileReference; fileEncoding = 4; lastKnownFileType = sourcecode.c.c; path = action.c; sourceTree = "<group>"; };
		6575A6EC11FD0EFF006D983A /* action.h */ = {isa = PBXFileReference; fileEncoding = 4; lastKnownFileType = sourcecode.c.h; path = action.h; sourceTree = "<group>"; };
		6575A6ED11FD0EFF006D983A /* autoplace.c */ = {isa = PBXFileReference; fileEncoding = 4; lastKnownFileType = sourcecode.c.c; path = autoplace.c; sourceTree = "<group>"; };
		6575A6EE11FD0EFF006D983A /* autoplace.h */ = {isa = PBXFileReference; fileEncoding = 4; lastKnownFileType = sourcecode.c.h; path = autoplace.h; sourceTree = "<group>"; };
		6575A6EF11FD0EFF006D983A /* autoroute.c */ = {isa = PBXFileReference; fileEncoding = 4; lastKnownFileType = sourcecode.c.c; path = autoroute.c; sourceTree = "<group>"; };
		6575A6F011FD0EFF006D983A /* autoroute.h */ = {isa = PBXFileReference; fileEncoding = 4; lastKnownFileType = sourcecode.c.h; path = autoroute.h; sourceTree = "<group>"; };
		6575A6F111FD0EFF006D983A /* box.h */ = {isa = PBXFileReference; fileEncoding = 4; lastKnownFileType = sourcecode.c.h; path = box.h; sourceTree = "<group>"; };
		6575A6F211FD0EFF006D983A /* buffer.c */ = {isa = PBXFileReference; fileEncoding = 4; lastKnownFileType = sourcecode.c.c; path = buffer.c; sourceTree = "<group>"; };
		6575A6F311FD0EFF006D983A /* buffer.h */ = {isa = PBXFileReference; fileEncoding = 4; lastKnownFileType = sourcecode.c.h; path = buffer.h; sourceTree = "<group>"; };
		6575A6F411FD0EFF006D983A /* change.c */ = {isa = PBXFileReference; fileEncoding = 4; lastKnownFileType = sourcecode.c.c; path = change.c; sourceTree = "<group>"; };
		6575A6F511FD0EFF006D983A /* change.h */ = {isa = PBXFileReference; fileEncoding = 4; lastKnownFileType = sourcecode.c.h; path = change.h; sourceTree = "<group>"; };
		6575A6F611FD0EFF006D983A /* check_icon.data */ = {isa = PBXFileReference; fileEncoding = 4; lastKnownFileType = text; path = check_icon.data; sourceTree = "<group>"; };
		6575A6F711FD0EFF006D983A /* clip.c */ = {isa = PBXFileReference; fileEncoding = 4; lastKnownFileType = sourcecode.c.c; path = clip.c; sourceTree = "<group>"; };
		6575A6F811FD0EFF006D983A /* clip.h */ = {isa = PBXFileReference; fileEncoding = 4; lastKnownFileType = sourcecode.c.h; path = clip.h; sourceTree = "<group>"; };
		6575A6F911FD0EFF006D983A /* command.c */ = {isa = PBXFileReference; fileEncoding = 4; lastKnownFileType = sourcecode.c.c; path = command.c; sourceTree = "<group>"; };
		6575A6FA11FD0EFF006D983A /* command.h */ = {isa = PBXFileReference; fileEncoding = 4; lastKnownFileType = sourcecode.c.h; path = command.h; sourceTree = "<group>"; };
		6575A6FB11FD0EFF006D983A /* compat.c */ = {isa = PBXFileReference; fileEncoding = 4; lastKnownFileType = sourcecode.c.c; path = compat.c; sourceTree = "<group>"; };
		6575A6FC11FD0EFF006D983A /* compat.h */ = {isa = PBXFileReference; fileEncoding = 4; lastKnownFileType = sourcecode.c.h; path = compat.h; sourceTree = "<group>"; };
		6575A6FD11FD0EFF006D983A /* const.h */ = {isa = PBXFileReference; fileEncoding = 4; lastKnownFileType = sourcecode.c.h; path = const.h; sourceTree = "<group>"; };
		6575A6FE11FD0EFF006D983A /* copy.c */ = {isa = PBXFileReference; fileEncoding = 4; lastKnownFileType = sourcecode.c.c; path = copy.c; sourceTree = "<group>"; };
		6575A6FF11FD0EFF006D983A /* copy.h */ = {isa = PBXFileReference; fileEncoding = 4; lastKnownFileType = sourcecode.c.h; path = copy.h; sourceTree = "<group>"; };
		6575A70011FD0EFF006D983A /* core_lists.h */ = {isa = PBXFileReference; fileEncoding = 4; lastKnownFileType = sourcecode.c.h; path = core_lists.h; sourceTree = "<group>"; };
		6575A70111FD0EFF006D983A /* create.c */ = {isa = PBXFileReference; fileEncoding = 4; lastKnownFileType = sourcecode.c.c; path = create.c; sourceTree = "<group>"; };
		6575A70211FD0EFF006D983A /* create.h */ = {isa = PBXFileReference; fileEncoding = 4; lastKnownFileType = sourcecode.c.h; path = create.h; sourceTree = "<group>"; };
		6575A70311FD0EFF006D983A /* crosshair.c */ = {isa = PBXFileReference; fileEncoding = 4; lastKnownFileType = sourcecode.c.c; path = crosshair.c; sourceTree = "<group>"; };
		6575A70411FD0EFF006D983A /* crosshair.h */ = {isa = PBXFileReference; fileEncoding = 4; lastKnownFileType = sourcecode.c.h; path = crosshair.h; sourceTree = "<group>"; };
		6575A70511FD0EFF006D983A /* data.c */ = {isa = PBXFileReference; fileEncoding = 4; lastKnownFileType = sourcecode.c.c; path = data.c; sourceTree = "<group>"; };
		6575A70611FD0EFF006D983A /* data.h */ = {isa = PBXFileReference; fileEncoding = 4; lastKnownFileType = sourcecode.c.h; path = data.h; sourceTree = "<group>"; };
		6575A70C11FD0EFF006D983A /* default_font */ = {isa = PBXFileReference; fileEncoding = 4; lastKnownFileType = text; path = default_font; sourceTree = "<group>"; };
		6575A70D11FD0EFF006D983A /* djopt.c */ = {isa = PBXFileReference; fileEncoding = 4; lastKnownFileType = sourcecode.c.c; path = djopt.c; sourceTree = "<group>"; };
		6575A70E11FD0EFF006D983A /* djopt.h */ = {isa = PBXFileReference; fileEncoding = 4; lastKnownFileType = sourcecode.c.h; path = djopt.h; sourceTree = "<group>"; };
		6575A70F11FD0EFF006D983A /* dolists.h */ = {isa = PBXFileReference; fileEncoding = 4; lastKnownFileType = sourcecode.c.h; path = dolists.h; sourceTree = "<group>"; };
		6575A71011FD0EFF006D983A /* draw.c */ = {isa = PBXFileReference; fileEncoding = 4; lastKnownFileType = sourcecode.c.c; path = draw.c; sourceTree = "<group>"; };
		6575A71111FD0EFF006D983A /* draw.h */ = {isa = PBXFileReference; fileEncoding = 4; lastKnownFileType = sourcecode.c.h; path = draw.h; sourceTree = "<group>"; };
		6575A71211FD0EFF006D983A /* drill.c */ = {isa = PBXFileReference; fileEncoding = 4; lastKnownFileType = sourcecode.c.c; path = drill.c; sourceTree = "<group>"; };
		6575A71311FD0EFF006D983A /* drill.h */ = {isa = PBXFileReference; fileEncoding = 4; lastKnownFileType = sourcecode.c.h; path = drill.h; sourceTree = "<group>"; };
		6575A71411FD0EFF006D983A /* edif_parse.h */ = {isa = PBXFileReference; fileEncoding = 4; lastKnownFileType = sourcecode.c.h; path = edif_parse.h; sourceTree = "<group>"; };
		6575A71511FD0EFF006D983A /* edif.c */ = {isa = PBXFileReference; fileEncoding = 4; lastKnownFileType = sourcecode.c.c; path = edif.c; sourceTree = "<group>"; };
		6575A71611FD0EFF006D983A /* edif.h */ = {isa = PBXFileReference; fileEncoding = 4; lastKnownFileType = sourcecode.c.h; path = edif.h; sourceTree = "<group>"; };
		6575A71811FD0EFF006D983A /* error.c */ = {isa = PBXFileReference; fileEncoding = 4; lastKnownFileType = sourcecode.c.c; path = error.c; sourceTree = "<group>"; };
		6575A71911FD0EFF006D983A /* error.h */ = {isa = PBXFileReference; fileEncoding = 4; lastKnownFileType = sourcecode.c.h; path = error.h; sourceTree = "<group>"; };
		6575A71A11FD0EFF006D983A /* file.c */ = {isa = PBXFileReference; fileEncoding = 4; lastKnownFileType = sourcecode.c.c; path = file.c; sourceTree = "<group>"; };
		6575A71B11FD0EFF006D983A /* file.h */ = {isa = PBXFileReference; fileEncoding = 4; lastKnownFileType = sourcecode.c.h; path = file.h; sourceTree = "<group>"; };
		6575A71C11FD0EFF006D983A /* find.c */ = {isa = PBXFileReference; fileEncoding = 4; lastKnownFileType = sourcecode.c.c; path = find.c; sourceTree = "<group>"; };
		6575A71D11FD0EFF006D983A /* find.h */ = {isa = PBXFileReference; fileEncoding = 4; lastKnownFileType = sourcecode.c.h; path = find.h; sourceTree = "<group>"; };
		6575A71E11FD0EFF006D983A /* flags.c */ = {isa = PBXFileReference; fileEncoding = 4; lastKnownFileType = sourcecode.c.c; path = flags.c; sourceTree = "<group>"; };
		6575A71F11FD0EFF006D983A /* fontmode.c */ = {isa = PBXFileReference; fileEncoding = 4; lastKnownFileType = sourcecode.c.c; path = fontmode.c; sourceTree = "<group>"; };
		6575A72011FD0EFF006D983A /* global.h */ = {isa = PBXFileReference; fileEncoding = 4; lastKnownFileType = sourcecode.c.h; path = global.h; sourceTree = "<group>"; };
		6575A72111FD0EFF006D983A /* gpcb-menu.res */ = {isa = PBXFileReference; fileEncoding = 4; lastKnownFileType = text; path = "gpcb-menu.res"; sourceTree = "<group>"; };
		6575A72211FD0EFF006D983A /* heap.c */ = {isa = PBXFileReference; fileEncoding = 4; lastKnownFileType = sourcecode.c.c; path = heap.c; sourceTree = "<group>"; };
		6575A72311FD0EFF006D983A /* heap.h */ = {isa = PBXFileReference; fileEncoding = 4; lastKnownFileType = sourcecode.c.h; path = heap.h; sourceTree = "<group>"; };
		6575A72411FD0EFF006D983A /* hid.h */ = {isa = PBXFileReference; fileEncoding = 4; lastKnownFileType = sourcecode.c.h; path = hid.h; sourceTree = "<group>"; };
		6575A72511FD0EFF006D983A /* insert.c */ = {isa = PBXFileReference; fileEncoding = 4; lastKnownFileType = sourcecode.c.c; path = insert.c; sourceTree = "<group>"; };
		6575A72611FD0EFF006D983A /* insert.h */ = {isa = PBXFileReference; fileEncoding = 4; lastKnownFileType = sourcecode.c.h; path = insert.h; sourceTree = "<group>"; };
		6575A72711FD0EFF006D983A /* intersect.c */ = {isa = PBXFileReference; fileEncoding = 4; lastKnownFileType = sourcecode.c.c; path = intersect.c; sourceTree = "<group>"; };
		6575A72811FD0EFF006D983A /* intersect.h */ = {isa = PBXFileReference; fileEncoding = 4; lastKnownFileType = sourcecode.c.h; path = intersect.h; sourceTree = "<group>"; };
		6575A72911FD0EFF006D983A /* line.c */ = {isa = PBXFileReference; fileEncoding = 4; lastKnownFileType = sourcecode.c.c; path = line.c; sourceTree = "<group>"; };
		6575A72A11FD0EFF006D983A /* line.h */ = {isa = PBXFileReference; fileEncoding = 4; lastKnownFileType = sourcecode.c.h; path = line.h; sourceTree = "<group>"; };
		6575A72B11FD0EFF006D983A /* lrealpath.c */ = {isa = PBXFileReference; fileEncoding = 4; lastKnownFileType = sourcecode.c.c; path = lrealpath.c; sourceTree = "<group>"; };
		6575A72C11FD0EFF006D983A /* lrealpath.h */ = {isa = PBXFileReference; fileEncoding = 4; lastKnownFileType = sourcecode.c.h; path = lrealpath.h; sourceTree = "<group>"; };
		6575A72D11FD0EFF006D983A /* macro.h */ = {isa = PBXFileReference; fileEncoding = 4; lastKnownFileType = sourcecode.c.h; path = macro.h; sourceTree = "<group>"; };
		6575A72E11FD0EFF006D983A /* main.c */ = {isa = PBXFileReference; fileEncoding = 4; lastKnownFileType = sourcecode.c.c; path = main.c; sourceTree = "<group>"; };
		6575A72F11FD0EFF006D983A /* mirror.c */ = {isa = PBXFileReference; fileEncoding = 4; lastKnownFileType = sourcecode.c.c; path = mirror.c; sourceTree = "<group>"; };
		6575A73011FD0EFF006D983A /* mirror.h */ = {isa = PBXFileReference; fileEncoding = 4; lastKnownFileType = sourcecode.c.h; path = mirror.h; sourceTree = "<group>"; };
		6575A73111FD0EFF006D983A /* misc.c */ = {isa = PBXFileReference; fileEncoding = 4; lastKnownFileType = sourcecode.c.c; path = misc.c; sourceTree = "<group>"; };
		6575A73211FD0EFF006D983A /* misc.h */ = {isa = PBXFileReference; fileEncoding = 4; lastKnownFileType = sourcecode.c.h; path = misc.h; sourceTree = "<group>"; };
		6575A73311FD0EFF006D983A /* move.c */ = {isa = PBXFileReference; fileEncoding = 4; lastKnownFileType = sourcecode.c.c; path = move.c; sourceTree = "<group>"; };
		6575A73411FD0EFF006D983A /* move.h */ = {isa = PBXFileReference; fileEncoding = 4; lastKnownFileType = sourcecode.c.h; path = move.h; sourceTree = "<group>"; };
		6575A73511FD0EFF006D983A /* mtspace.c */ = {isa = PBXFileReference; fileEncoding = 4; lastKnownFileType = sourcecode.c.c; path = mtspace.c; sourceTree = "<group>"; };
		6575A73611FD0F00006D983A /* mtspace.h */ = {isa = PBXFileReference; fileEncoding = 4; lastKnownFileType = sourcecode.c.h; path = mtspace.h; sourceTree = "<group>"; };
		6575A73711FD0F00006D983A /* mymem.c */ = {isa = PBXFileReference; fileEncoding = 4; lastKnownFileType = sourcecode.c.c; path = mymem.c; sourceTree = "<group>"; };
		6575A73811FD0F00006D983A /* mymem.h */ = {isa = PBXFileReference; fileEncoding = 4; lastKnownFileType = sourcecode.c.h; path = mymem.h; sourceTree = "<group>"; };
		6575A73911FD0F00006D983A /* netlist.c */ = {isa = PBXFileReference; fileEncoding = 4; lastKnownFileType = sourcecode.c.c; path = netlist.c; sourceTree = "<group>"; };
		6575A73A11FD0F00006D983A /* parse_l.c */ = {isa = PBXFileReference; fileEncoding = 4; lastKnownFileType = sourcecode.c.c; path = parse_l.c; sourceTree = "<group>"; };
		6575A73B11FD0F00006D983A /* parse_l.h */ = {isa = PBXFileReference; fileEncoding = 4; lastKnownFileType = sourcecode.c.h; path = parse_l.h; sourceTree = "<group>"; };
		6575A73D11FD0F00006D983A /* parse_y.c */ = {isa = PBXFileReference; fileEncoding = 4; lastKnownFileType = sourcecode.c.c; path = parse_y.c; sourceTree = "<group>"; };
		6575A73E11FD0F00006D983A /* parse_y.h */ = {isa = PBXFileReference; fileEncoding = 4; lastKnownFileType = sourcecode.c.h; path = parse_y.h; sourceTree = "<group>"; };
		6575A74011FD0F00006D983A /* polyarea.h */ = {isa = PBXFileReference; fileEncoding = 4; lastKnownFileType = sourcecode.c.h; path = polyarea.h; sourceTree = "<group>"; };
		6575A74111FD0F00006D983A /* polygon.c */ = {isa = PBXFileReference; fileEncoding = 4; lastKnownFileType = sourcecode.c.c; path = polygon.c; sourceTree = "<group>"; };
		6575A74211FD0F00006D983A /* polygon.h */ = {isa = PBXFileReference; fileEncoding = 4; lastKnownFileType = sourcecode.c.h; path = polygon.h; sourceTree = "<group>"; };
		6575A74311FD0F00006D983A /* polygon1.c */ = {isa = PBXFileReference; fileEncoding = 4; lastKnownFileType = sourcecode.c.c; path = polygon1.c; sourceTree = "<group>"; };
		6575A74411FD0F00006D983A /* print.c */ = {isa = PBXFileReference; fileEncoding = 4; lastKnownFileType = sourcecode.c.c; path = print.c; sourceTree = "<group>"; };
		6575A74511FD0F00006D983A /* print.h */ = {isa = PBXFileReference; fileEncoding = 4; lastKnownFileType = sourcecode.c.h; path = print.h; sourceTree = "<group>"; };
		6575A74611FD0F00006D983A /* puller.c */ = {isa = PBXFileReference; fileEncoding = 4; lastKnownFileType = sourcecode.c.c; path = puller.c; sourceTree = "<group>"; };
		6575A74711FD0F00006D983A /* rats.c */ = {isa = PBXFileReference; fileEncoding = 4; lastKnownFileType = sourcecode.c.c; path = rats.c; sourceTree = "<group>"; };
		6575A74811FD0F00006D983A /* rats.h */ = {isa = PBXFileReference; fileEncoding = 4; lastKnownFileType = sourcecode.c.h; path = rats.h; sourceTree = "<group>"; };
		6575A74911FD0F00006D983A /* remove.c */ = {isa = PBXFileReference; fileEncoding = 4; lastKnownFileType = sourcecode.c.c; path = remove.c; sourceTree = "<group>"; };
		6575A74A11FD0F00006D983A /* remove.h */ = {isa = PBXFileReference; fileEncoding = 4; lastKnownFileType = sourcecode.c.h; path = remove.h; sourceTree = "<group>"; };
		6575A74B11FD0F00006D983A /* report.c */ = {isa = PBXFileReference; fileEncoding = 4; lastKnownFileType = sourcecode.c.c; path = report.c; sourceTree = "<group>"; };
		6575A74C11FD0F00006D983A /* report.h */ = {isa = PBXFileReference; fileEncoding = 4; lastKnownFileType = sourcecode.c.h; path = report.h; sourceTree = "<group>"; };
		6575A74D11FD0F00006D983A /* res_lex.c */ = {isa = PBXFileReference; fileEncoding = 4; lastKnownFileType = sourcecode.c.c; path = res_lex.c; sourceTree = "<group>"; };
		6575A74F11FD0F00006D983A /* res_parse.c */ = {isa = PBXFileReference; fileEncoding = 4; lastKnownFileType = sourcecode.c.c; path = res_parse.c; sourceTree = "<group>"; };
		6575A75011FD0F00006D983A /* res_parse.h */ = {isa = PBXFileReference; fileEncoding = 4; lastKnownFileType = sourcecode.c.h; path = res_parse.h; sourceTree = "<group>"; };
		6575A75211FD0F00006D983A /* resource.h */ = {isa = PBXFileReference; fileEncoding = 4; lastKnownFileType = sourcecode.c.h; path = resource.h; sourceTree = "<group>"; };
		6575A75311FD0F00006D983A /* rotate.c */ = {isa = PBXFileReference; fileEncoding = 4; lastKnownFileType = sourcecode.c.c; path = rotate.c; sourceTree = "<group>"; };
		6575A75411FD0F00006D983A /* rotate.h */ = {isa = PBXFileReference; fileEncoding = 4; lastKnownFileType = sourcecode.c.h; path = rotate.h; sourceTree = "<group>"; };
		6575A75511FD0F00006D983A /* rtree.c */ = {isa = PBXFileReference; fileEncoding = 4; lastKnownFileType = sourcecode.c.c; path = rtree.c; sourceTree = "<group>"; };
		6575A75611FD0F00006D983A /* rtree.h */ = {isa = PBXFileReference; fileEncoding = 4; lastKnownFileType = sourcecode.c.h; path = rtree.h; sourceTree = "<group>"; };
		6575A75711FD0F00006D983A /* rubberband.c */ = {isa = PBXFileReference; fileEncoding = 4; lastKnownFileType = sourcecode.c.c; path = rubberband.c; sourceTree = "<group>"; };
		6575A75811FD0F00006D983A /* rubberband.h */ = {isa = PBXFileReference; fileEncoding = 4; lastKnownFileType = sourcecode.c.h; path = rubberband.h; sourceTree = "<group>"; };
		6575A75911FD0F00006D983A /* search.c */ = {isa = PBXFileReference; fileEncoding = 4; lastKnownFileType = sourcecode.c.c; path = search.c; sourceTree = "<group>"; };
		6575A75A11FD0F00006D983A /* search.h */ = {isa = PBXFileReference; fileEncoding = 4; lastKnownFileType = sourcecode.c.h; path = search.h; sourceTree = "<group>"; };
		6575A75B11FD0F00006D983A /* select.c */ = {isa = PBXFileReference; fileEncoding = 4; lastKnownFileType = sourcecode.c.c; path = select.c; sourceTree = "<group>"; };
		6575A75C11FD0F00006D983A /* select.h */ = {isa = PBXFileReference; fileEncoding = 4; lastKnownFileType = sourcecode.c.h; path = select.h; sourceTree = "<group>"; };
		6575A75D11FD0F00006D983A /* set.c */ = {isa = PBXFileReference; fileEncoding = 4; lastKnownFileType = sourcecode.c.c; path = set.c; sourceTree = "<group>"; };
		6575A75E11FD0F00006D983A /* set.h */ = {isa = PBXFileReference; fileEncoding = 4; lastKnownFileType = sourcecode.c.h; path = set.h; sourceTree = "<group>"; };
		6575A75F11FD0F00006D983A /* strflags.c */ = {isa = PBXFileReference; fileEncoding = 4; lastKnownFileType = sourcecode.c.c; path = strflags.c; sourceTree = "<group>"; };
		6575A76011FD0F00006D983A /* strflags.h */ = {isa = PBXFileReference; fileEncoding = 4; lastKnownFileType = sourcecode.c.h; path = strflags.h; sourceTree = "<group>"; };
		6575A76111FD0F00006D983A /* thermal.c */ = {isa = PBXFileReference; fileEncoding = 4; lastKnownFileType = sourcecode.c.c; path = thermal.c; sourceTree = "<group>"; };
		6575A76211FD0F00006D983A /* thermal.h */ = {isa = PBXFileReference; fileEncoding = 4; lastKnownFileType = sourcecode.c.h; path = thermal.h; sourceTree = "<group>"; };
		6575A76511FD0F00006D983A /* undo.c */ = {isa = PBXFileReference; fileEncoding = 4; lastKnownFileType = sourcecode.c.c; path = undo.c; sourceTree = "<group>"; };
		6575A76611FD0F00006D983A /* undo.h */ = {isa = PBXFileReference; fileEncoding = 4; lastKnownFileType = sourcecode.c.h; path = undo.h; sourceTree = "<group>"; };
		6575A76711FD0F00006D983A /* vector.c */ = {isa = PBXFileReference; fileEncoding = 4; lastKnownFileType = sourcecode.c.c; path = vector.c; sourceTree = "<group>"; };
		6575A76811FD0F00006D983A /* vector.h */ = {isa = PBXFileReference; fileEncoding = 4; lastKnownFileType = sourcecode.c.h; path = vector.h; sourceTree = "<group>"; };
		6575A76911FD0F00006D983A /* vendor.c */ = {isa = PBXFileReference; fileEncoding = 4; lastKnownFileType = sourcecode.c.c; path = vendor.c; sourceTree = "<group>"; };
		6575A76A11FD0F00006D983A /* vendor.h */ = {isa = PBXFileReference; fileEncoding = 4; lastKnownFileType = sourcecode.c.h; path = vendor.h; sourceTree = "<group>"; };
		6575A7AF11FD2F88006D983A /* globalconst.h */ = {isa = PBXFileReference; fileEncoding = 4; lastKnownFileType = sourcecode.c.h; path = globalconst.h; sourceTree = "<group>"; };
		6575A7B411FD307F006D983A /* config.h */ = {isa = PBXFileReference; fileEncoding = 4; lastKnownFileType = sourcecode.c.h; path = config.h; sourceTree = "<group>"; };
		65BCDFE31286479E00AE3B0B /* CocoaNetList.h */ = {isa = PBXFileReference; fileEncoding = 4; lastKnownFileType = sourcecode.c.h; path = CocoaNetList.h; sourceTree = "<group>"; };
		65BCDFE41286479E00AE3B0B /* CocoaNetList.m */ = {isa = PBXFileReference; fileEncoding = 4; lastKnownFileType = sourcecode.c.objc; path = CocoaNetList.m; sourceTree = "<group>"; };
		65D3AD7412014F46001AAC1A /* CocoaHID.h */ = {isa = PBXFileReference; fileEncoding = 4; lastKnownFileType = sourcecode.c.h; name = CocoaHID.h; path = Classes/CocoaHID.h; sourceTree = "<group>"; };
		65D3AD7512014F46001AAC1A /* CocoaHID.m */ = {isa = PBXFileReference; fileEncoding = 4; lastKnownFileType = sourcecode.c.objc; name = CocoaHID.m; path = Classes/CocoaHID.m; sourceTree = "<group>"; };
		65D3AD841201627C001AAC1A /* actions.c */ = {isa = PBXFileReference; fileEncoding = 4; lastKnownFileType = sourcecode.c.c; path = actions.c; sourceTree = "<group>"; };
		65D3AD851201627C001AAC1A /* draw_helpers.c */ = {isa = PBXFileReference; fileEncoding = 4; lastKnownFileType = sourcecode.c.c; path = draw_helpers.c; sourceTree = "<group>"; };
		65D3AD861201627C001AAC1A /* draw_helpers.h */ = {isa = PBXFileReference; fileEncoding = 4; lastKnownFileType = sourcecode.c.h; path = draw_helpers.h; sourceTree = "<group>"; };
		65D3AD871201627C001AAC1A /* extents.c */ = {isa = PBXFileReference; fileEncoding = 4; lastKnownFileType = sourcecode.c.c; path = extents.c; sourceTree = "<group>"; };
		65D3AD881201627C001AAC1A /* flags.c */ = {isa = PBXFileReference; fileEncoding = 4; lastKnownFileType = sourcecode.c.c; path = flags.c; sourceTree = "<group>"; };
		65D3AD891201627C001AAC1A /* hid_resource.c */ = {isa = PBXFileReference; fileEncoding = 4; lastKnownFileType = sourcecode.c.c; path = hid_resource.c; sourceTree = "<group>"; };
		65D3AD8A1201627C001AAC1A /* hid_resource.h */ = {isa = PBXFileReference; fileEncoding = 4; lastKnownFileType = sourcecode.c.h; path = hid_resource.h; sourceTree = "<group>"; };
		65D3AD8B1201627C001AAC1A /* hidinit.c */ = {isa = PBXFileReference; fileEncoding = 4; lastKnownFileType = sourcecode.c.c; path = hidinit.c; sourceTree = "<group>"; };
		65D3AD8C1201627C001AAC1A /* hidnogui.c */ = {isa = PBXFileReference; fileEncoding = 4; lastKnownFileType = sourcecode.c.c; path = hidnogui.c; sourceTree = "<group>"; };
		65D3AD99120165B8001AAC1A /* bom.c */ = {isa = PBXFileReference; fileEncoding = 4; lastKnownFileType = sourcecode.c.c; path = bom.c; sourceTree = "<group>"; };
		65D3AD9A120165B8001AAC1A /* hid.conf */ = {isa = PBXFileReference; fileEncoding = 4; lastKnownFileType = text; path = hid.conf; sourceTree = "<group>"; };
		65D3AD9C120165B8001AAC1A /* gerber.c */ = {isa = PBXFileReference; fileEncoding = 4; lastKnownFileType = sourcecode.c.c; path = gerber.c; sourceTree = "<group>"; };
		65D3AD9D120165B8001AAC1A /* hid.conf */ = {isa = PBXFileReference; fileEncoding = 4; lastKnownFileType = text; path = hid.conf; sourceTree = "<group>"; };
/* End PBXFileReference section */

/* Begin PBXFrameworksBuildPhase section */
		6575A6CA11FCFCF0006D983A /* Frameworks */ = {
			isa = PBXFrameworksBuildPhase;
			buildActionMask = 2147483647;
			files = (
				6575A6D111FCFCF0006D983A /* Cocoa.framework in Frameworks */,
			);
			runOnlyForDeploymentPostprocessing = 0;
		};
/* End PBXFrameworksBuildPhase section */

/* Begin PBXGroup section */
		650F2C5B1256A2ED00805503 /* hid */ = {
			isa = PBXGroup;
			children = (
				6522844B12024BC9009C97C5 /* hidint.h */,
				65D3AD831201627C001AAC1A /* common */,
				65D3AD9B120165B8001AAC1A /* gerber */,
				65D3AD98120165B8001AAC1A /* bom */,
			);
			name = hid;
			sourceTree = "<group>";
		};
		650F2C791256F24700805503 /* pcb-20100929 */ = {
			isa = PBXGroup;
			children = (
				6575A7AF11FD2F88006D983A /* globalconst.h */,
				6575A6EA11FD0EA8006D983A /* src */,
			);
			path = "pcb-20100929";
			sourceTree = "<group>";
		};
		654CE9911202D07B0073C4A6 /* PCB Resources */ = {
			isa = PBXGroup;
			children = (
				651D35F312028309000FAA99 /* CreateLibrary.sh */,
				651D35F412028309000FAA99 /* CreateLibraryContents.sh */,
				651D35F512028309000FAA99 /* default_font */,
				651D35F612028309000FAA99 /* examples */,
				651D360012028309000FAA99 /* gpcb-menu.res */,
				651D360112028309000FAA99 /* ListLibraryContents.sh */,
				651D360212028309000FAA99 /* m4 */,
				651D365012028309000FAA99 /* newlib */,
				651D36A312028309000FAA99 /* Pcb */,
				651D36A412028309000FAA99 /* pcb-menu.res */,
				651D36A512028309000FAA99 /* pcb.pdf */,
				651D36A612028309000FAA99 /* pcb.ps */,
				651D36A712028309000FAA99 /* pcblib */,
				651D36A812028309000FAA99 /* pcblib.contents */,
				651D36A912028309000FAA99 /* qfp-ui */,
				651D36AA12028309000FAA99 /* qfp.dat */,
				651D36AB12028309000FAA99 /* QueryLibrary.sh */,
				651D36AC12028309000FAA99 /* refcard.pdf */,
				651D36AD12028309000FAA99 /* refcard.ps */,
				651D36AE12028309000FAA99 /* tools */,
				651D36B712028309000FAA99 /* tutorial */,
			);
			name = "PCB Resources";
			sourceTree = "<group>";
		};
		654CE9B31202EED40073C4A6 /* Views */ = {
			isa = PBXGroup;
			children = (
				654CE9B01202EECD0073C4A6 /* CocoaPCBView.h */,
				654CE9B11202EECD0073C4A6 /* CocoaPCBView.m */,
				654CE9B91202F0B10073C4A6 /* LibraryPreviewView.h */,
				654CE9BA1202F0B10073C4A6 /* LibraryPreviewView.m */,
				651D37E4120523AF000FAA99 /* MainPCBView.h */,
				651D37E5120523AF000FAA99 /* MainPCBView.m */,
			);
			name = Views;
			sourceTree = "<group>";
		};
		6575A6BE11FCFCEF006D983A = {
			isa = PBXGroup;
			children = (
				65D3AD7312014F2A001AAC1A /* HID */,
				650F2C791256F24700805503 /* pcb-20100929 */,
				6575A6C511FCFCEF006D983A /* Classes */,
				6575A6C611FCFCF0006D983A /* Other Sources */,
				6575A6C711FCFCF0006D983A /* Resources */,
				6575A6C811FCFCF0006D983A /* Frameworks */,
				6575A6CE11FCFCF0006D983A /* Products */,
			);
			sourceTree = "<group>";
		};
		6575A6C511FCFCEF006D983A /* Classes */ = {
			isa = PBXGroup;
			children = (
				6575A6DF11FCFCF0006D983A /* PCBAppDelegate.h */,
				6575A6E011FCFCF0006D983A /* PCBAppDelegate.m */,
			);
			path = Classes;
			sourceTree = "<group>";
		};
		6575A6C611FCFCF0006D983A /* Other Sources */ = {
			isa = PBXGroup;
			children = (
				6575A6D311FCFCF0006D983A /* PCB_Prefix.pch */,
			);
			name = "Other Sources";
			sourceTree = "<group>";
		};
		6575A6C711FCFCF0006D983A /* Resources */ = {
			isa = PBXGroup;
			children = (
				651D37A61203D49D000FAA99 /* Icon.icns */,
				654CE9911202D07B0073C4A6 /* PCB Resources */,
				6575A6D211FCFCF0006D983A /* PCB-Info.plist */,
				6575A6D411FCFCF0006D983A /* InfoPlist.strings */,
				6575A6D911FCFCF0006D983A /* MainMenu.xib */,
				6575A6DC11FCFCF0006D983A /* Credits.rtf */,
				654CE9951202EC5F0073C4A6 /* LibraryWindow.xib */,
			);
			name = Resources;
			sourceTree = "<group>";
		};
		6575A6C811FCFCF0006D983A /* Frameworks */ = {
			isa = PBXGroup;
			children = (
				6575A6D011FCFCF0006D983A /* Cocoa.framework */,
			);
			name = Frameworks;
			sourceTree = "<group>";
		};
		6575A6CE11FCFCF0006D983A /* Products */ = {
			isa = PBXGroup;
			children = (
				6575A6CD11FCFCF0006D983A /* PCB.app */,
			);
			name = Products;
			sourceTree = "<group>";
		};
		6575A6EA11FD0EA8006D983A /* src */ = {
			isa = PBXGroup;
			children = (
				650F2C5B1256A2ED00805503 /* hid */,
				650F2C591256A22A00805503 /* res_lex.l */,
				6570870C12156A4D00D925AB /* res_parse.y */,
				654CEABE120308C00073C4A6 /* parse_l.l */,
				654CEABF120308C00073C4A6 /* parse_y.y */,
				6575A6EB11FD0EFF006D983A /* action.c */,
				6575A6EC11FD0EFF006D983A /* action.h */,
				6575A6ED11FD0EFF006D983A /* autoplace.c */,
				6575A6EE11FD0EFF006D983A /* autoplace.h */,
				6575A6EF11FD0EFF006D983A /* autoroute.c */,
				6575A6F011FD0EFF006D983A /* autoroute.h */,
				6575A6F111FD0EFF006D983A /* box.h */,
				6575A6F211FD0EFF006D983A /* buffer.c */,
				6575A6F311FD0EFF006D983A /* buffer.h */,
				6575A6F411FD0EFF006D983A /* change.c */,
				6575A6F511FD0EFF006D983A /* change.h */,
				6575A6F611FD0EFF006D983A /* check_icon.data */,
				6575A6F711FD0EFF006D983A /* clip.c */,
				6575A6F811FD0EFF006D983A /* clip.h */,
				6575A6F911FD0EFF006D983A /* command.c */,
				6575A6FA11FD0EFF006D983A /* command.h */,
				6575A6FB11FD0EFF006D983A /* compat.c */,
				6575A6FC11FD0EFF006D983A /* compat.h */,
				6575A6FD11FD0EFF006D983A /* const.h */,
				6575A6FE11FD0EFF006D983A /* copy.c */,
				6575A6FF11FD0EFF006D983A /* copy.h */,
				6575A70011FD0EFF006D983A /* core_lists.h */,
				6575A70111FD0EFF006D983A /* create.c */,
				6575A70211FD0EFF006D983A /* create.h */,
				6575A70311FD0EFF006D983A /* crosshair.c */,
				6575A70411FD0EFF006D983A /* crosshair.h */,
				6575A70511FD0EFF006D983A /* data.c */,
				6575A70611FD0EFF006D983A /* data.h */,
				6575A70C11FD0EFF006D983A /* default_font */,
				6575A70D11FD0EFF006D983A /* djopt.c */,
				6575A70E11FD0EFF006D983A /* djopt.h */,
				6575A70F11FD0EFF006D983A /* dolists.h */,
				6575A71011FD0EFF006D983A /* draw.c */,
				6575A71111FD0EFF006D983A /* draw.h */,
				6575A71211FD0EFF006D983A /* drill.c */,
				6575A71311FD0EFF006D983A /* drill.h */,
				6575A71411FD0EFF006D983A /* edif_parse.h */,
				6575A71511FD0EFF006D983A /* edif.c */,
				6575A71611FD0EFF006D983A /* edif.h */,
				6575A71811FD0EFF006D983A /* error.c */,
				6575A71911FD0EFF006D983A /* error.h */,
				6575A71A11FD0EFF006D983A /* file.c */,
				6575A71B11FD0EFF006D983A /* file.h */,
				6575A71C11FD0EFF006D983A /* find.c */,
				6575A71D11FD0EFF006D983A /* find.h */,
				6575A71E11FD0EFF006D983A /* flags.c */,
				6575A71F11FD0EFF006D983A /* fontmode.c */,
				6575A72011FD0EFF006D983A /* global.h */,
				6575A72111FD0EFF006D983A /* gpcb-menu.res */,
				6575A72211FD0EFF006D983A /* heap.c */,
				6575A72311FD0EFF006D983A /* heap.h */,
				6575A72411FD0EFF006D983A /* hid.h */,
				6575A72511FD0EFF006D983A /* insert.c */,
				6575A72611FD0EFF006D983A /* insert.h */,
				6575A72711FD0EFF006D983A /* intersect.c */,
				6575A72811FD0EFF006D983A /* intersect.h */,
				6575A72911FD0EFF006D983A /* line.c */,
				6575A72A11FD0EFF006D983A /* line.h */,
				6575A72B11FD0EFF006D983A /* lrealpath.c */,
				6575A72C11FD0EFF006D983A /* lrealpath.h */,
				6575A72D11FD0EFF006D983A /* macro.h */,
				6575A72E11FD0EFF006D983A /* main.c */,
				6575A72F11FD0EFF006D983A /* mirror.c */,
				6575A73011FD0EFF006D983A /* mirror.h */,
				6575A73111FD0EFF006D983A /* misc.c */,
				6575A73211FD0EFF006D983A /* misc.h */,
				6575A73311FD0EFF006D983A /* move.c */,
				6575A73411FD0EFF006D983A /* move.h */,
				6575A73511FD0EFF006D983A /* mtspace.c */,
				6575A73611FD0F00006D983A /* mtspace.h */,
				6575A73711FD0F00006D983A /* mymem.c */,
				6575A73811FD0F00006D983A /* mymem.h */,
				6575A73911FD0F00006D983A /* netlist.c */,
				6575A73A11FD0F00006D983A /* parse_l.c */,
				6575A73B11FD0F00006D983A /* parse_l.h */,
				6575A73D11FD0F00006D983A /* parse_y.c */,
				6575A73E11FD0F00006D983A /* parse_y.h */,
				6575A74011FD0F00006D983A /* polyarea.h */,
				6575A74111FD0F00006D983A /* polygon.c */,
				6575A74211FD0F00006D983A /* polygon.h */,
				6575A74311FD0F00006D983A /* polygon1.c */,
				6575A74411FD0F00006D983A /* print.c */,
				6575A74511FD0F00006D983A /* print.h */,
				6575A74611FD0F00006D983A /* puller.c */,
				6575A74711FD0F00006D983A /* rats.c */,
				6575A74811FD0F00006D983A /* rats.h */,
				6575A74911FD0F00006D983A /* remove.c */,
				6575A74A11FD0F00006D983A /* remove.h */,
				6575A74B11FD0F00006D983A /* report.c */,
				6575A74C11FD0F00006D983A /* report.h */,
				6575A74D11FD0F00006D983A /* res_lex.c */,
				6575A74F11FD0F00006D983A /* res_parse.c */,
				6575A75011FD0F00006D983A /* res_parse.h */,
				6575A75211FD0F00006D983A /* resource.h */,
				6575A75311FD0F00006D983A /* rotate.c */,
				6575A75411FD0F00006D983A /* rotate.h */,
				6575A75511FD0F00006D983A /* rtree.c */,
				6575A75611FD0F00006D983A /* rtree.h */,
				6575A75711FD0F00006D983A /* rubberband.c */,
				6575A75811FD0F00006D983A /* rubberband.h */,
				6575A75911FD0F00006D983A /* search.c */,
				6575A75A11FD0F00006D983A /* search.h */,
				6575A75B11FD0F00006D983A /* select.c */,
				6575A75C11FD0F00006D983A /* select.h */,
				6575A75D11FD0F00006D983A /* set.c */,
				6575A75E11FD0F00006D983A /* set.h */,
				6575A75F11FD0F00006D983A /* strflags.c */,
				6575A76011FD0F00006D983A /* strflags.h */,
				6575A76111FD0F00006D983A /* thermal.c */,
				6575A76211FD0F00006D983A /* thermal.h */,
				6575A76511FD0F00006D983A /* undo.c */,
				6575A76611FD0F00006D983A /* undo.h */,
				6575A76711FD0F00006D983A /* vector.c */,
				6575A76811FD0F00006D983A /* vector.h */,
				6575A76911FD0F00006D983A /* vendor.c */,
				6575A76A11FD0F00006D983A /* vendor.h */,
			);
			path = src;
			sourceTree = "<group>";
		};
		65D3AD7312014F2A001AAC1A /* HID */ = {
			isa = PBXGroup;
			children = (
				654CE9B31202EED40073C4A6 /* Views */,
				650F2CEB1256F88B00805503 /* CocoaDialogs.h */,
				650F2CEC1256F88B00805503 /* CocoaDialogs.m */,
				6575A7B411FD307F006D983A /* config.h */,
				6522843C1201A25E009C97C5 /* hidlist.h */,
				65D3AD7412014F46001AAC1A /* CocoaHID.h */,
				65D3AD7512014F46001AAC1A /* CocoaHID.m */,
				652284401202458F009C97C5 /* CocoaLibrary.h */,
				652284411202458F009C97C5 /* CocoaLibrary.m */,
				651D37211202B01D000FAA99 /* CocoaMenu.h */,
				651D37221202B01D000FAA99 /* CocoaMenu.m */,
				651D372C1202B14C000FAA99 /* CocoaStyles.h */,
				651D372D1202B14C000FAA99 /* CocoaStyles.m */,
				65BCDFE31286479E00AE3B0B /* CocoaNetList.h */,
				65BCDFE41286479E00AE3B0B /* CocoaNetList.m */,
			);
			name = HID;
			sourceTree = "<group>";
		};
		65D3AD831201627C001AAC1A /* common */ = {
			isa = PBXGroup;
			children = (
				65D3AD841201627C001AAC1A /* actions.c */,
				65D3AD851201627C001AAC1A /* draw_helpers.c */,
				65D3AD861201627C001AAC1A /* draw_helpers.h */,
				65D3AD871201627C001AAC1A /* extents.c */,
				65D3AD881201627C001AAC1A /* flags.c */,
				65D3AD891201627C001AAC1A /* hid_resource.c */,
				65D3AD8A1201627C001AAC1A /* hid_resource.h */,
				65D3AD8B1201627C001AAC1A /* hidinit.c */,
				65D3AD8C1201627C001AAC1A /* hidnogui.c */,
			);
			name = common;
			path = hid/common;
			sourceTree = "<group>";
		};
		65D3AD98120165B8001AAC1A /* bom */ = {
			isa = PBXGroup;
			children = (
				65D3AD99120165B8001AAC1A /* bom.c */,
				65D3AD9A120165B8001AAC1A /* hid.conf */,
			);
			name = bom;
			path = hid/bom;
			sourceTree = "<group>";
		};
		65D3AD9B120165B8001AAC1A /* gerber */ = {
			isa = PBXGroup;
			children = (
				65D3AD9C120165B8001AAC1A /* gerber.c */,
				65D3AD9D120165B8001AAC1A /* hid.conf */,
			);
			name = gerber;
			path = hid/gerber;
			sourceTree = "<group>";
		};
/* End PBXGroup section */

/* Begin PBXNativeTarget section */
		6575A6CC11FCFCF0006D983A /* PCB */ = {
			isa = PBXNativeTarget;
			buildConfigurationList = 6575A6E411FCFCF0006D983A /* Build configuration list for PBXNativeTarget "PCB" */;
			buildPhases = (
				6575A6C911FCFCF0006D983A /* Sources */,
				6575A6CA11FCFCF0006D983A /* Frameworks */,
				6575A6CB11FCFCF0006D983A /* Resources */,
			);
			buildRules = (
			);
			dependencies = (
			);
			name = PCB;
			productName = PCB;
			productReference = 6575A6CD11FCFCF0006D983A /* PCB.app */;
			productType = "com.apple.product-type.application";
		};
/* End PBXNativeTarget section */

/* Begin PBXProject section */
		6575A6C011FCFCEF006D983A /* Project object */ = {
			isa = PBXProject;
			buildConfigurationList = 6575A6C311FCFCEF006D983A /* Build configuration list for PBXProject "PCB" */;
			compatibilityVersion = "Xcode 3.2";
			hasScannedForEncodings = 0;
			knownRegions = (
				en,
			);
			mainGroup = 6575A6BE11FCFCEF006D983A;
			productRefGroup = 6575A6CE11FCFCF0006D983A /* Products */;
			projectDirPath = "";
			projectRoot = "";
			targets = (
				6575A6CC11FCFCF0006D983A /* PCB */,
			);
		};
/* End PBXProject section */

/* Begin PBXResourcesBuildPhase section */
		6575A6CB11FCFCF0006D983A /* Resources */ = {
			isa = PBXResourcesBuildPhase;
			buildActionMask = 2147483647;
			files = (
				6575A6D611FCFCF0006D983A /* InfoPlist.strings in Resources */,
				6575A6DB11FCFCF0006D983A /* MainMenu.xib in Resources */,
				6575A6DE11FCFCF0006D983A /* Credits.rtf in Resources */,
				6575A77011FD0F00006D983A /* check_icon.data in Resources */,
				6575A77B11FD0F00006D983A /* default_font in Resources */,
				6575A78611FD0F00006D983A /* gpcb-menu.res in Resources */,
				65D3AD9F120165B8001AAC1A /* hid.conf in Resources */,
				65D3ADA1120165B8001AAC1A /* hid.conf in Resources */,
				651D36BA12028309000FAA99 /* CreateLibrary.sh in Resources */,
				651D36BB12028309000FAA99 /* CreateLibraryContents.sh in Resources */,
				651D36BC12028309000FAA99 /* default_font in Resources */,
				651D36BD12028309000FAA99 /* examples in Resources */,
				651D36BE12028309000FAA99 /* gpcb-menu.res in Resources */,
				651D36BF12028309000FAA99 /* ListLibraryContents.sh in Resources */,
				651D36C012028309000FAA99 /* m4 in Resources */,
				651D36C112028309000FAA99 /* newlib in Resources */,
				651D36C212028309000FAA99 /* Pcb in Resources */,
				651D36C312028309000FAA99 /* pcb-menu.res in Resources */,
				651D36C412028309000FAA99 /* pcb.pdf in Resources */,
				651D36C512028309000FAA99 /* pcb.ps in Resources */,
				651D36C612028309000FAA99 /* pcblib in Resources */,
				651D36C712028309000FAA99 /* pcblib.contents in Resources */,
				651D36C812028309000FAA99 /* qfp-ui in Resources */,
				651D36C912028309000FAA99 /* qfp.dat in Resources */,
				651D36CA12028309000FAA99 /* QueryLibrary.sh in Resources */,
				651D36CB12028309000FAA99 /* refcard.pdf in Resources */,
				651D36CC12028309000FAA99 /* refcard.ps in Resources */,
				651D36CD12028309000FAA99 /* tools in Resources */,
				651D36CE12028309000FAA99 /* tutorial in Resources */,
				654CE9961202EC5F0073C4A6 /* LibraryWindow.xib in Resources */,
				651D37A71203D49D000FAA99 /* Icon.icns in Resources */,
			);
			runOnlyForDeploymentPostprocessing = 0;
		};
/* End PBXResourcesBuildPhase section */

/* Begin PBXSourcesBuildPhase section */
		6575A6C911FCFCF0006D983A /* Sources */ = {
			isa = PBXSourcesBuildPhase;
			buildActionMask = 2147483647;
			files = (
				6575A6E111FCFCF0006D983A /* PCBAppDelegate.m in Sources */,
				6575A76B11FD0F00006D983A /* action.c in Sources */,
				6575A76C11FD0F00006D983A /* autoplace.c in Sources */,
				6575A76D11FD0F00006D983A /* autoroute.c in Sources */,
				6575A76E11FD0F00006D983A /* buffer.c in Sources */,
				6575A76F11FD0F00006D983A /* change.c in Sources */,
				6575A77111FD0F00006D983A /* clip.c in Sources */,
				6575A77211FD0F00006D983A /* command.c in Sources */,
				6575A77311FD0F00006D983A /* compat.c in Sources */,
				6575A77411FD0F00006D983A /* copy.c in Sources */,
				6575A77511FD0F00006D983A /* create.c in Sources */,
				6575A77611FD0F00006D983A /* crosshair.c in Sources */,
				6575A77711FD0F00006D983A /* data.c in Sources */,
				6575A77C11FD0F00006D983A /* djopt.c in Sources */,
				6575A77D11FD0F00006D983A /* draw.c in Sources */,
				6575A77E11FD0F00006D983A /* drill.c in Sources */,
				6575A77F11FD0F00006D983A /* edif.c in Sources */,
				6575A78111FD0F00006D983A /* error.c in Sources */,
				6575A78211FD0F00006D983A /* file.c in Sources */,
				6575A78311FD0F00006D983A /* find.c in Sources */,
				6575A78411FD0F00006D983A /* flags.c in Sources */,
				6575A78511FD0F00006D983A /* fontmode.c in Sources */,
				6575A78711FD0F00006D983A /* heap.c in Sources */,
				6575A78811FD0F00006D983A /* insert.c in Sources */,
				6575A78911FD0F00006D983A /* intersect.c in Sources */,
				6575A78A11FD0F00006D983A /* line.c in Sources */,
				6575A78B11FD0F00006D983A /* lrealpath.c in Sources */,
				6575A78C11FD0F00006D983A /* main.c in Sources */,
				6575A78D11FD0F00006D983A /* mirror.c in Sources */,
				6575A78E11FD0F00006D983A /* misc.c in Sources */,
				6575A78F11FD0F00006D983A /* move.c in Sources */,
				6575A79011FD0F00006D983A /* mtspace.c in Sources */,
				6575A79111FD0F00006D983A /* mymem.c in Sources */,
				6575A79211FD0F00006D983A /* netlist.c in Sources */,
				6575A79311FD0F00006D983A /* parse_l.c in Sources */,
				6575A79511FD0F00006D983A /* parse_y.c in Sources */,
				6575A79711FD0F00006D983A /* polygon.c in Sources */,
				6575A79811FD0F00006D983A /* polygon1.c in Sources */,
				6575A79911FD0F00006D983A /* print.c in Sources */,
				6575A79A11FD0F00006D983A /* puller.c in Sources */,
				6575A79B11FD0F00006D983A /* rats.c in Sources */,
				6575A79C11FD0F00006D983A /* remove.c in Sources */,
				6575A79D11FD0F00006D983A /* report.c in Sources */,
				6575A79E11FD0F00006D983A /* res_lex.c in Sources */,
				6575A7A011FD0F00006D983A /* res_parse.c in Sources */,
				6575A7A211FD0F00006D983A /* rotate.c in Sources */,
				6575A7A311FD0F00006D983A /* rtree.c in Sources */,
				6575A7A411FD0F00006D983A /* rubberband.c in Sources */,
				6575A7A511FD0F00006D983A /* search.c in Sources */,
				6575A7A611FD0F00006D983A /* select.c in Sources */,
				6575A7A711FD0F00006D983A /* set.c in Sources */,
				6575A7A811FD0F00006D983A /* strflags.c in Sources */,
				6575A7A911FD0F00006D983A /* thermal.c in Sources */,
				6575A7AB11FD0F00006D983A /* undo.c in Sources */,
				6575A7AC11FD0F00006D983A /* vector.c in Sources */,
				6575A7AD11FD0F00006D983A /* vendor.c in Sources */,
				65D3AD7612014F46001AAC1A /* CocoaHID.m in Sources */,
				65D3AD8D1201627C001AAC1A /* actions.c in Sources */,
				65D3AD8E1201627C001AAC1A /* draw_helpers.c in Sources */,
				65D3AD8F1201627C001AAC1A /* extents.c in Sources */,
				65D3AD901201627C001AAC1A /* flags.c in Sources */,
				65D3AD911201627C001AAC1A /* hid_resource.c in Sources */,
				65D3AD921201627C001AAC1A /* hidinit.c in Sources */,
				65D3AD931201627C001AAC1A /* hidnogui.c in Sources */,
				65D3AD9E120165B8001AAC1A /* bom.c in Sources */,
				65D3ADA0120165B8001AAC1A /* gerber.c in Sources */,
				652284421202458F009C97C5 /* CocoaLibrary.m in Sources */,
				651D37231202B01D000FAA99 /* CocoaMenu.m in Sources */,
				651D372E1202B14C000FAA99 /* CocoaStyles.m in Sources */,
				654CE9B21202EECD0073C4A6 /* CocoaPCBView.m in Sources */,
				654CE9BB1202F0B10073C4A6 /* LibraryPreviewView.m in Sources */,
				651D37E6120523AF000FAA99 /* MainPCBView.m in Sources */,
				650F2CED1256F88B00805503 /* CocoaDialogs.m in Sources */,
				65BCDFE51286479E00AE3B0B /* CocoaNetList.m in Sources */,
			);
			runOnlyForDeploymentPostprocessing = 0;
		};
/* End PBXSourcesBuildPhase section */

/* Begin PBXVariantGroup section */
		654CE9951202EC5F0073C4A6 /* LibraryWindow.xib */ = {
			isa = PBXVariantGroup;
			children = (
				654CE9921202EC370073C4A6 /* English */,
			);
			name = LibraryWindow.xib;
			sourceTree = "<group>";
		};
		6575A6D411FCFCF0006D983A /* InfoPlist.strings */ = {
			isa = PBXVariantGroup;
			children = (
				6575A6D511FCFCF0006D983A /* en */,
			);
			name = InfoPlist.strings;
			sourceTree = "<group>";
		};
		6575A6D911FCFCF0006D983A /* MainMenu.xib */ = {
			isa = PBXVariantGroup;
			children = (
				6575A6DA11FCFCF0006D983A /* en */,
			);
			name = MainMenu.xib;
			sourceTree = "<group>";
		};
		6575A6DC11FCFCF0006D983A /* Credits.rtf */ = {
			isa = PBXVariantGroup;
			children = (
				6575A6DD11FCFCF0006D983A /* en */,
			);
			name = Credits.rtf;
			sourceTree = "<group>";
		};
/* End PBXVariantGroup section */

/* Begin XCBuildConfiguration section */
		6575A6E211FCFCF0006D983A /* Debug */ = {
			isa = XCBuildConfiguration;
			buildSettings = {
				ARCHS = "$(NATIVE_ARCH_ACTUAL)";
				GCC_C_LANGUAGE_STANDARD = gnu99;
				GCC_OPTIMIZATION_LEVEL = 0;
				GCC_PREPROCESSOR_DEFINITIONS = HAVE_CONFIG_H;
				GCC_VERSION = com.apple.compilers.llvm.clang.1_0;
				GCC_WARN_ABOUT_RETURN_TYPE = YES;
				GCC_WARN_UNUSED_VARIABLE = YES;
				HEADER_SEARCH_PATHS = (
					pcb_extras,
					pcb/src,
				);
				ONLY_ACTIVE_ARCH = YES;
				PREBINDING = NO;
				SDKROOT = macosx10.5;
			};
			name = Debug;
		};
		6575A6E311FCFCF0006D983A /* Release */ = {
			isa = XCBuildConfiguration;
			buildSettings = {
				ARCHS = "$(ARCHS_STANDARD_32_64_BIT)";
				GCC_C_LANGUAGE_STANDARD = gnu99;
				GCC_PREPROCESSOR_DEFINITIONS = (
					HAVE_CONFIG_H,
					DEBUG,
				);
				GCC_VERSION = com.apple.compilers.llvm.clang.1_0;
				GCC_WARN_ABOUT_RETURN_TYPE = YES;
				GCC_WARN_UNUSED_VARIABLE = YES;
				HEADER_SEARCH_PATHS = (
					pcb_extras,
					pcb/src,
				);
				PREBINDING = NO;
				SDKROOT = macosx10.5;
			};
			name = Release;
		};
		6575A6E511FCFCF0006D983A /* Debug */ = {
			isa = XCBuildConfiguration;
			buildSettings = {
				ALWAYS_SEARCH_USER_PATHS = NO;
				COPY_PHASE_STRIP = NO;
				GCC_DYNAMIC_NO_PIC = NO;
				GCC_ENABLE_OBJC_EXCEPTIONS = YES;
				GCC_MODEL_TUNING = G5;
				GCC_PRECOMPILE_PREFIX_HEADER = YES;
				GCC_PREFIX_HEADER = PCB_Prefix.pch;
				INFOPLIST_FILE = "PCB-Info.plist";
				INSTALL_PATH = "$(HOME)/Applications";
				PRODUCT_NAME = PCB;
				WRAPPER_EXTENSION = app;
			};
			name = Debug;
		};
		6575A6E611FCFCF0006D983A /* Release */ = {
			isa = XCBuildConfiguration;
			buildSettings = {
				ALWAYS_SEARCH_USER_PATHS = NO;
				COPY_PHASE_STRIP = YES;
				DEBUG_INFORMATION_FORMAT = "dwarf-with-dsym";
				GCC_ENABLE_OBJC_EXCEPTIONS = YES;
				GCC_MODEL_TUNING = G5;
				GCC_PRECOMPILE_PREFIX_HEADER = YES;
				GCC_PREFIX_HEADER = PCB_Prefix.pch;
				INFOPLIST_FILE = "PCB-Info.plist";
				INSTALL_PATH = "$(HOME)/Applications";
				PRODUCT_NAME = PCB;
				WRAPPER_EXTENSION = app;
			};
			name = Release;
		};
/* End XCBuildConfiguration section */

/* Begin XCConfigurationList section */
		6575A6C311FCFCEF006D983A /* Build configuration list for PBXProject "PCB" */ = {
			isa = XCConfigurationList;
			buildConfigurations = (
				6575A6E211FCFCF0006D983A /* Debug */,
				6575A6E311FCFCF0006D983A /* Release */,
			);
			defaultConfigurationIsVisible = 0;
			defaultConfigurationName = Release;
		};
		6575A6E411FCFCF0006D983A /* Build configuration list for PBXNativeTarget "PCB" */ = {
			isa = XCConfigurationList;
			buildConfigurations = (
				6575A6E511FCFCF0006D983A /* Debug */,
				6575A6E611FCFCF0006D983A /* Release */,
			);
			defaultConfigurationIsVisible = 0;
			defaultConfigurationName = Release;
		};
/* End XCConfigurationList section */
	};
	rootObject = 6575A6C011FCFCEF006D983A /* Project object */;
}
